
Microsoft Visual Studio Solution File, Format Version 12.00
# Visual Studio Version 17
VisualStudioVersion = 17.7.34031.279
MinimumVisualStudioVersion = 10.0.40219.1
Project("{9A19103F-16F7-4668-BE54-9A1E7A4F7556}") = "Katcode", "Katcode\Katcode.csproj", "{982CC2DC-B888-4043-B0F8-37D7892E926A}"
EndProject
Global
	GlobalSection(SolutionConfigurationPlatforms) = preSolution
		Debug|Any CPU = Debug|Any CPU
		Release|Any CPU = Release|Any CPU
	EndGlobalSection
	GlobalSection(ProjectConfigurationPlatforms) = postSolution
		{982CC2DC-B888-4043-B0F8-37D7892E926A}.Debug|Any CPU.ActiveCfg = Debug|Any CPU
		{982CC2DC-B888-4043-B0F8-37D7892E926A}.Debug|Any CPU.Build.0 = Debug|Any CPU
		{982CC2DC-B888-4043-B0F8-37D7892E926A}.Release|Any CPU.ActiveCfg = Release|Any CPU
		{982CC2DC-B888-4043-B0F8-37D7892E926A}.Release|Any CPU.Build.0 = Release|Any CPU
	EndGlobalSection
	GlobalSection(SolutionProperties) = preSolution
		HideSolutionNode = FALSE
	EndGlobalSection
	GlobalSection(ExtensibilityGlobals) = postSolution
		SolutionGuid = {59FD410B-5C14-4029-94A5-DC04C7A78B3E}
	EndGlobalSection
EndGlobal
